
Microsoft Visual Studio Solution File, Format Version 12.00
# Visual Studio Version 17
VisualStudioVersion = 17.2.32516.85
MinimumVisualStudioVersion = 10.0.40219.1
Project("{9A19103F-16F7-4668-BE54-9A1E7A4F7556}") = "Trabalho", "Trabalho\Trabalho.csproj", "{820CA92F-02D4-4399-AC24-8816AC9BA18A}"
EndProject
Global
	GlobalSection(SolutionConfigurationPlatforms) = preSolution
		Debug|Any CPU = Debug|Any CPU
		Release|Any CPU = Release|Any CPU
	EndGlobalSection
	GlobalSection(ProjectConfigurationPlatforms) = postSolution
		{820CA92F-02D4-4399-AC24-8816AC9BA18A}.Debug|Any CPU.ActiveCfg = Debug|Any CPU
		{820CA92F-02D4-4399-AC24-8816AC9BA18A}.Debug|Any CPU.Build.0 = Debug|Any CPU
		{820CA92F-02D4-4399-AC24-8816AC9BA18A}.Release|Any CPU.ActiveCfg = Release|Any CPU
		{820CA92F-02D4-4399-AC24-8816AC9BA18A}.Release|Any CPU.Build.0 = Release|Any CPU
	EndGlobalSection
	GlobalSection(SolutionProperties) = preSolution
		HideSolutionNode = FALSE
	EndGlobalSection
	GlobalSection(ExtensibilityGlobals) = postSolution
		SolutionGuid = {4DC28232-8761-45C6-840A-1105867828D2}
	EndGlobalSection
EndGlobal
